
Microsoft Visual Studio Solution File, Format Version 12.00
# Visual Studio Version 16
VisualStudioVersion = 16.0.29519.181
MinimumVisualStudioVersion = 10.0.40219.1
Project("{FAE04EC0-301F-11D3-BF4B-00C04F79EFBC}") = "Bcross.Platform", "Bcross.Platform\Bcross.Platform.csproj", "{A96855E4-AC1F-438E-ACDE-493775012427}"
EndProject
Global
	GlobalSection(SolutionConfigurationPlatforms) = preSolution
		Debug|Any CPU = Debug|Any CPU
		Release|Any CPU = Release|Any CPU
	EndGlobalSection
	GlobalSection(ProjectConfigurationPlatforms) = postSolution
		{A96855E4-AC1F-438E-ACDE-493775012427}.Debug|Any CPU.ActiveCfg = Debug|Any CPU
		{A96855E4-AC1F-438E-ACDE-493775012427}.Debug|Any CPU.Build.0 = Debug|Any CPU
		{A96855E4-AC1F-438E-ACDE-493775012427}.Release|Any CPU.ActiveCfg = Release|Any CPU
		{A96855E4-AC1F-438E-ACDE-493775012427}.Release|Any CPU.Build.0 = Release|Any CPU
	EndGlobalSection
	GlobalSection(SolutionProperties) = preSolution
		HideSolutionNode = FALSE
	EndGlobalSection
	GlobalSection(ExtensibilityGlobals) = postSolution
		SolutionGuid = {32A0B48E-C8E5-46FA-861F-C537368800BB}
	EndGlobalSection
EndGlobal
